
Microsoft Visual Studio Solution File, Format Version 12.00
# Visual Studio 14
VisualStudioVersion = 14.0.24720.0
MinimumVisualStudioVersion = 10.0.40219.1
Project("{FAE04EC0-301F-11D3-BF4B-00C04F79EFBC}") = "Curs18", "Curs18\Curs18.csproj", "{0C0E2BF5-4DC3-4688-93E3-C10A5608DEE6}"
EndProject
Project("{FAE04EC0-301F-11D3-BF4B-00C04F79EFBC}") = "WarGameTest", "WarGameTest\WarGameTest.csproj", "{3DCF60A4-6549-4C09-96CA-B42B6B1F653C}"
EndProject
Project("{FAE04EC0-301F-11D3-BF4B-00C04F79EFBC}") = "Unity", "Unity\Unity.csproj", "{33D8F22F-70D2-43A5-B80A-EA96CE56DD6E}"
EndProject
Global
	GlobalSection(SolutionConfigurationPlatforms) = preSolution
		Debug|Any CPU = Debug|Any CPU
		Release|Any CPU = Release|Any CPU
	EndGlobalSection
	GlobalSection(ProjectConfigurationPlatforms) = postSolution
		{0C0E2BF5-4DC3-4688-93E3-C10A5608DEE6}.Debug|Any CPU.ActiveCfg = Debug|Any CPU
		{0C0E2BF5-4DC3-4688-93E3-C10A5608DEE6}.Debug|Any CPU.Build.0 = Debug|Any CPU
		{0C0E2BF5-4DC3-4688-93E3-C10A5608DEE6}.Release|Any CPU.ActiveCfg = Release|Any CPU
		{0C0E2BF5-4DC3-4688-93E3-C10A5608DEE6}.Release|Any CPU.Build.0 = Release|Any CPU
		{3DCF60A4-6549-4C09-96CA-B42B6B1F653C}.Debug|Any CPU.ActiveCfg = Debug|Any CPU
		{3DCF60A4-6549-4C09-96CA-B42B6B1F653C}.Debug|Any CPU.Build.0 = Debug|Any CPU
		{3DCF60A4-6549-4C09-96CA-B42B6B1F653C}.Release|Any CPU.ActiveCfg = Release|Any CPU
		{3DCF60A4-6549-4C09-96CA-B42B6B1F653C}.Release|Any CPU.Build.0 = Release|Any CPU
		{33D8F22F-70D2-43A5-B80A-EA96CE56DD6E}.Debug|Any CPU.ActiveCfg = Debug|Any CPU
		{33D8F22F-70D2-43A5-B80A-EA96CE56DD6E}.Debug|Any CPU.Build.0 = Debug|Any CPU
		{33D8F22F-70D2-43A5-B80A-EA96CE56DD6E}.Release|Any CPU.ActiveCfg = Release|Any CPU
		{33D8F22F-70D2-43A5-B80A-EA96CE56DD6E}.Release|Any CPU.Build.0 = Release|Any CPU
	EndGlobalSection
	GlobalSection(SolutionProperties) = preSolution
		HideSolutionNode = FALSE
	EndGlobalSection
EndGlobal
